
Microsoft Visual Studio Solution File, Format Version 12.00
# Visual Studio 2012
Project("{FAE04EC0-301F-11D3-BF4B-00C04F79EFBC}") = "MinesweeperSolver", "MinesweeperBot\MinesweeperSolver.csproj", "{47425E81-258D-46FA-9F68-BE8003DE1093}"
EndProject
Global
	GlobalSection(SolutionConfigurationPlatforms) = preSolution
		Debug|Any CPU = Debug|Any CPU
		Release|Any CPU = Release|Any CPU
	EndGlobalSection
	GlobalSection(ProjectConfigurationPlatforms) = postSolution
		{47425E81-258D-46FA-9F68-BE8003DE1093}.Debug|Any CPU.ActiveCfg = Debug|Any CPU
		{47425E81-258D-46FA-9F68-BE8003DE1093}.Debug|Any CPU.Build.0 = Debug|Any CPU
		{47425E81-258D-46FA-9F68-BE8003DE1093}.Release|Any CPU.ActiveCfg = Release|Any CPU
		{47425E81-258D-46FA-9F68-BE8003DE1093}.Release|Any CPU.Build.0 = Release|Any CPU
	EndGlobalSection
	GlobalSection(SolutionProperties) = preSolution
		HideSolutionNode = FALSE
	EndGlobalSection
EndGlobal
